
Microsoft Visual Studio Solution File, Format Version 12.00
# Visual Studio Version 17
VisualStudioVersion = 17.9.34622.214
MinimumVisualStudioVersion = 10.0.40219.1
Project("{9A19103F-16F7-4668-BE54-9A1E7A4F7556}") = "iPlug", "iPlug\iPlug.csproj", "{6EB05B4C-AD54-4045-A9A9-48ADB17F6805}"
EndProject
Project("{9A19103F-16F7-4668-BE54-9A1E7A4F7556}") = "iPlug.PluginApi", "iPlug.PluginApi\iPlug.PluginApi.csproj", "{91E19DA0-92D4-4567-8F5C-A3DED66390AB}"
EndProject
Project("{9A19103F-16F7-4668-BE54-9A1E7A4F7556}") = "PluginALibrary", "PluginALibrary\PluginALibrary.csproj", "{9BA14A9B-8D09-4253-83AB-9D80D3F78F2E}"
EndProject
Project("{9A19103F-16F7-4668-BE54-9A1E7A4F7556}") = "PluginBLibrary", "PluginBLibrary\PluginBLibrary.csproj", "{22ABF264-A3F5-442C-99AA-AD31C6B5D19F}"
EndProject
Project("{9A19103F-16F7-4668-BE54-9A1E7A4F7556}") = "DynamicFormApi", "DynamicFormApi\DynamicFormApi.csproj", "{E97DC464-DA3A-4EAE-BAFC-6601C9532707}"
EndProject
Global
	GlobalSection(SolutionConfigurationPlatforms) = preSolution
		Debug|Any CPU = Debug|Any CPU
		Release|Any CPU = Release|Any CPU
	EndGlobalSection
	GlobalSection(ProjectConfigurationPlatforms) = postSolution
		{6EB05B4C-AD54-4045-A9A9-48ADB17F6805}.Debug|Any CPU.ActiveCfg = Debug|Any CPU
		{6EB05B4C-AD54-4045-A9A9-48ADB17F6805}.Debug|Any CPU.Build.0 = Debug|Any CPU
		{6EB05B4C-AD54-4045-A9A9-48ADB17F6805}.Release|Any CPU.ActiveCfg = Release|Any CPU
		{6EB05B4C-AD54-4045-A9A9-48ADB17F6805}.Release|Any CPU.Build.0 = Release|Any CPU
		{91E19DA0-92D4-4567-8F5C-A3DED66390AB}.Debug|Any CPU.ActiveCfg = Debug|Any CPU
		{91E19DA0-92D4-4567-8F5C-A3DED66390AB}.Debug|Any CPU.Build.0 = Debug|Any CPU
		{91E19DA0-92D4-4567-8F5C-A3DED66390AB}.Release|Any CPU.ActiveCfg = Release|Any CPU
		{91E19DA0-92D4-4567-8F5C-A3DED66390AB}.Release|Any CPU.Build.0 = Release|Any CPU
		{9BA14A9B-8D09-4253-83AB-9D80D3F78F2E}.Debug|Any CPU.ActiveCfg = Debug|Any CPU
		{9BA14A9B-8D09-4253-83AB-9D80D3F78F2E}.Debug|Any CPU.Build.0 = Debug|Any CPU
		{9BA14A9B-8D09-4253-83AB-9D80D3F78F2E}.Release|Any CPU.ActiveCfg = Release|Any CPU
		{9BA14A9B-8D09-4253-83AB-9D80D3F78F2E}.Release|Any CPU.Build.0 = Release|Any CPU
		{22ABF264-A3F5-442C-99AA-AD31C6B5D19F}.Debug|Any CPU.ActiveCfg = Debug|Any CPU
		{22ABF264-A3F5-442C-99AA-AD31C6B5D19F}.Debug|Any CPU.Build.0 = Debug|Any CPU
		{22ABF264-A3F5-442C-99AA-AD31C6B5D19F}.Release|Any CPU.ActiveCfg = Release|Any CPU
		{22ABF264-A3F5-442C-99AA-AD31C6B5D19F}.Release|Any CPU.Build.0 = Release|Any CPU
		{E97DC464-DA3A-4EAE-BAFC-6601C9532707}.Debug|Any CPU.ActiveCfg = Debug|Any CPU
		{E97DC464-DA3A-4EAE-BAFC-6601C9532707}.Debug|Any CPU.Build.0 = Debug|Any CPU
		{E97DC464-DA3A-4EAE-BAFC-6601C9532707}.Release|Any CPU.ActiveCfg = Release|Any CPU
		{E97DC464-DA3A-4EAE-BAFC-6601C9532707}.Release|Any CPU.Build.0 = Release|Any CPU
	EndGlobalSection
	GlobalSection(SolutionProperties) = preSolution
		HideSolutionNode = FALSE
	EndGlobalSection
	GlobalSection(ExtensibilityGlobals) = postSolution
		SolutionGuid = {44A3D029-1F40-487E-B55E-1A59C47D4454}
	EndGlobalSection
EndGlobal
